// !$*UTF8*$!
{
	archiveVersion = 1;
	classes = {
	};
	objectVersion = 50;
	objects = {

/* Begin PBXBuildFile section */
		9C503251246DF32000982106 /* AppDelegate.swift in Sources */ = {isa = PBXBuildFile; fileRef = 9C503250246DF32000982106 /* AppDelegate.swift */; };
		9C503253246DF32000982106 /* SceneDelegate.swift in Sources */ = {isa = PBXBuildFile; fileRef = 9C503252246DF32000982106 /* SceneDelegate.swift */; };
		9C503255246DF32000982106 /* ContentView.swift in Sources */ = {isa = PBXBuildFile; fileRef = 9C503254246DF32000982106 /* ContentView.swift */; };
		9C503257246DF32200982106 /* Assets.xcassets in Resources */ = {isa = PBXBuildFile; fileRef = 9C503256246DF32200982106 /* Assets.xcassets */; };
		9C50325A246DF32200982106 /* Preview Assets.xcassets in Resources */ = {isa = PBXBuildFile; fileRef = 9C503259246DF32200982106 /* Preview Assets.xcassets */; };
		9C50325D246DF32200982106 /* LaunchScreen.storyboard in Resources */ = {isa = PBXBuildFile; fileRef = 9C50325B246DF32200982106 /* LaunchScreen.storyboard */; };
		9C503268246DF32200982106 /* TrumpetRoutinesTests.swift in Sources */ = {isa = PBXBuildFile; fileRef = 9C503267246DF32200982106 /* TrumpetRoutinesTests.swift */; };
		9C503273246DF32200982106 /* TrumpetRoutinesUITests.swift in Sources */ = {isa = PBXBuildFile; fileRef = 9C503272246DF32200982106 /* TrumpetRoutinesUITests.swift */; };
		9C503281246E054B00982106 /* MainView.swift in Sources */ = {isa = PBXBuildFile; fileRef = 9C503280246E054B00982106 /* MainView.swift */; };
		9C503283246E059000982106 /* RoutineView.swift in Sources */ = {isa = PBXBuildFile; fileRef = 9C503282246E059000982106 /* RoutineView.swift */; };
		9C503285246E05B600982106 /* ListView.swift in Sources */ = {isa = PBXBuildFile; fileRef = 9C503284246E05B600982106 /* ListView.swift */; };
		9C503287246E05E000982106 /* ExerciseDetailView.swift in Sources */ = {isa = PBXBuildFile; fileRef = 9C503286246E05E000982106 /* ExerciseDetailView.swift */; };
		9C503289246E05FF00982106 /* SettingsView.swift in Sources */ = {isa = PBXBuildFile; fileRef = 9C503288246E05FF00982106 /* SettingsView.swift */; };
		9C50328B246E061A00982106 /* Model.swift in Sources */ = {isa = PBXBuildFile; fileRef = 9C50328A246E061A00982106 /* Model.swift */; };
		DD0EE4F02503DDB800505FBD /* InfoPlist.strings in Resources */ = {isa = PBXBuildFile; fileRef = DD0EE4F22503DDB800505FBD /* InfoPlist.strings */; };
		DD88A0E12500374600978B84 /* Localizable.strings in Resources */ = {isa = PBXBuildFile; fileRef = DD88A0E32500374600978B84 /* Localizable.strings */; };
/* End PBXBuildFile section */

/* Begin PBXContainerItemProxy section */
		9C503264246DF32200982106 /* PBXContainerItemProxy */ = {
			isa = PBXContainerItemProxy;
			containerPortal = 9C503245246DF32000982106 /* Project object */;
			proxyType = 1;
			remoteGlobalIDString = 9C50324C246DF32000982106;
			remoteInfo = TrumpetRoutines;
		};
		9C50326F246DF32200982106 /* PBXContainerItemProxy */ = {
			isa = PBXContainerItemProxy;
			containerPortal = 9C503245246DF32000982106 /* Project object */;
			proxyType = 1;
			remoteGlobalIDString = 9C50324C246DF32000982106;
			remoteInfo = TrumpetRoutines;
		};
/* End PBXContainerItemProxy section */

/* Begin PBXFileReference section */
		9C50324D246DF32000982106 /* TrumpetRoutines.app */ = {isa = PBXFileReference; explicitFileType = wrapper.application; includeInIndex = 0; path = TrumpetRoutines.app; sourceTree = BUILT_PRODUCTS_DIR; };
		9C503250246DF32000982106 /* AppDelegate.swift */ = {isa = PBXFileReference; lastKnownFileType = sourcecode.swift; path = AppDelegate.swift; sourceTree = "<group>"; };
		9C503252246DF32000982106 /* SceneDelegate.swift */ = {isa = PBXFileReference; lastKnownFileType = sourcecode.swift; path = SceneDelegate.swift; sourceTree = "<group>"; };
		9C503254246DF32000982106 /* ContentView.swift */ = {isa = PBXFileReference; lastKnownFileType = sourcecode.swift; path = ContentView.swift; sourceTree = "<group>"; };
		9C503256246DF32200982106 /* Assets.xcassets */ = {isa = PBXFileReference; lastKnownFileType = folder.assetcatalog; path = Assets.xcassets; sourceTree = "<group>"; };
		9C503259246DF32200982106 /* Preview Assets.xcassets */ = {isa = PBXFileReference; lastKnownFileType = folder.assetcatalog; path = "Preview Assets.xcassets"; sourceTree = "<group>"; };
		9C50325C246DF32200982106 /* Base */ = {isa = PBXFileReference; lastKnownFileType = file.storyboard; name = Base; path = Base.lproj/LaunchScreen.storyboard; sourceTree = "<group>"; };
		9C50325E246DF32200982106 /* Info.plist */ = {isa = PBXFileReference; lastKnownFileType = text.plist.xml; path = Info.plist; sourceTree = "<group>"; };
		9C503263246DF32200982106 /* TrumpetRoutinesTests.xctest */ = {isa = PBXFileReference; explicitFileType = wrapper.cfbundle; includeInIndex = 0; path = TrumpetRoutinesTests.xctest; sourceTree = BUILT_PRODUCTS_DIR; };
		9C503267246DF32200982106 /* TrumpetRoutinesTests.swift */ = {isa = PBXFileReference; lastKnownFileType = sourcecode.swift; path = TrumpetRoutinesTests.swift; sourceTree = "<group>"; };
		9C503269246DF32200982106 /* Info.plist */ = {isa = PBXFileReference; lastKnownFileType = text.plist.xml; path = Info.plist; sourceTree = "<group>"; };
		9C50326E246DF32200982106 /* TrumpetRoutinesUITests.xctest */ = {isa = PBXFileReference; explicitFileType = wrapper.cfbundle; includeInIndex = 0; path = TrumpetRoutinesUITests.xctest; sourceTree = BUILT_PRODUCTS_DIR; };
		9C503272246DF32200982106 /* TrumpetRoutinesUITests.swift */ = {isa = PBXFileReference; lastKnownFileType = sourcecode.swift; path = TrumpetRoutinesUITests.swift; sourceTree = "<group>"; };
		9C503274246DF32200982106 /* Info.plist */ = {isa = PBXFileReference; lastKnownFileType = text.plist.xml; path = Info.plist; sourceTree = "<group>"; };
		9C503280246E054B00982106 /* MainView.swift */ = {isa = PBXFileReference; lastKnownFileType = sourcecode.swift; path = MainView.swift; sourceTree = "<group>"; };
		9C503282246E059000982106 /* RoutineView.swift */ = {isa = PBXFileReference; lastKnownFileType = sourcecode.swift; path = RoutineView.swift; sourceTree = "<group>"; };
		9C503284246E05B600982106 /* ListView.swift */ = {isa = PBXFileReference; lastKnownFileType = sourcecode.swift; path = ListView.swift; sourceTree = "<group>"; };
		9C503286246E05E000982106 /* ExerciseDetailView.swift */ = {isa = PBXFileReference; lastKnownFileType = sourcecode.swift; path = ExerciseDetailView.swift; sourceTree = "<group>"; };
		9C503288246E05FF00982106 /* SettingsView.swift */ = {isa = PBXFileReference; lastKnownFileType = sourcecode.swift; path = SettingsView.swift; sourceTree = "<group>"; };
		9C50328A246E061A00982106 /* Model.swift */ = {isa = PBXFileReference; lastKnownFileType = sourcecode.swift; path = Model.swift; sourceTree = "<group>"; };
		DD0EE4F12503DDB800505FBD /* en */ = {isa = PBXFileReference; lastKnownFileType = text.plist.strings; name = en; path = en.lproj/InfoPlist.strings; sourceTree = "<group>"; };
		DD0EE4F32503DDB900505FBD /* zh-Hans */ = {isa = PBXFileReference; lastKnownFileType = text.plist.strings; name = "zh-Hans"; path = "zh-Hans.lproj/InfoPlist.strings"; sourceTree = "<group>"; };
		DD0EE4F42503DDBA00505FBD /* fr */ = {isa = PBXFileReference; lastKnownFileType = text.plist.strings; name = fr; path = fr.lproj/InfoPlist.strings; sourceTree = "<group>"; };
		DD0EE4F52503DDBB00505FBD /* es-419 */ = {isa = PBXFileReference; lastKnownFileType = text.plist.strings; name = "es-419"; path = "es-419.lproj/InfoPlist.strings"; sourceTree = "<group>"; };
		DD88A0E22500374600978B84 /* en */ = {isa = PBXFileReference; lastKnownFileType = text.plist.strings; name = en; path = en.lproj/Localizable.strings; sourceTree = "<group>"; };
		DD88A0E42500375400978B84 /* zh-Hans */ = {isa = PBXFileReference; lastKnownFileType = text.plist.strings; name = "zh-Hans"; path = "zh-Hans.lproj/Localizable.strings"; sourceTree = "<group>"; };
		DD88A0E52500375B00978B84 /* es-419 */ = {isa = PBXFileReference; lastKnownFileType = text.plist.strings; name = "es-419"; path = "es-419.lproj/Localizable.strings"; sourceTree = "<group>"; };
		DD88A0E62500376400978B84 /* fr */ = {isa = PBXFileReference; lastKnownFileType = text.plist.strings; name = fr; path = fr.lproj/Localizable.strings; sourceTree = "<group>"; };
/* End PBXFileReference section */

/* Begin PBXFrameworksBuildPhase section */
		9C50324A246DF32000982106 /* Frameworks */ = {
			isa = PBXFrameworksBuildPhase;
			buildActionMask = 2147483647;
			files = (
			);
			runOnlyForDeploymentPostprocessing = 0;
		};
		9C503260246DF32200982106 /* Frameworks */ = {
			isa = PBXFrameworksBuildPhase;
			buildActionMask = 2147483647;
			files = (
			);
			runOnlyForDeploymentPostprocessing = 0;
		};
		9C50326B246DF32200982106 /* Frameworks */ = {
			isa = PBXFrameworksBuildPhase;
			buildActionMask = 2147483647;
			files = (
			);
			runOnlyForDeploymentPostprocessing = 0;
		};
/* End PBXFrameworksBuildPhase section */

/* Begin PBXGroup section */
		9C503244246DF32000982106 = {
			isa = PBXGroup;
			children = (
				DD88A0E32500374600978B84 /* Localizable.strings */,
				9C50324F246DF32000982106 /* TrumpetRoutines */,
				9C503266246DF32200982106 /* TrumpetRoutinesTests */,
				9C503271246DF32200982106 /* TrumpetRoutinesUITests */,
				9C50324E246DF32000982106 /* Products */,
			);
			sourceTree = "<group>";
		};
		9C50324E246DF32000982106 /* Products */ = {
			isa = PBXGroup;
			children = (
				9C50324D246DF32000982106 /* TrumpetRoutines.app */,
				9C503263246DF32200982106 /* TrumpetRoutinesTests.xctest */,
				9C50326E246DF32200982106 /* TrumpetRoutinesUITests.xctest */,
			);
			name = Products;
			sourceTree = "<group>";
		};
		9C50324F246DF32000982106 /* TrumpetRoutines */ = {
			isa = PBXGroup;
			children = (
				9C503250246DF32000982106 /* AppDelegate.swift */,
				9C503252246DF32000982106 /* SceneDelegate.swift */,
				9C503254246DF32000982106 /* ContentView.swift */,
				9C503280246E054B00982106 /* MainView.swift */,
				9C503282246E059000982106 /* RoutineView.swift */,
				9C503284246E05B600982106 /* ListView.swift */,
				9C503286246E05E000982106 /* ExerciseDetailView.swift */,
				9C503288246E05FF00982106 /* SettingsView.swift */,
				9C50328A246E061A00982106 /* Model.swift */,
				9C503256246DF32200982106 /* Assets.xcassets */,
				9C50325B246DF32200982106 /* LaunchScreen.storyboard */,
				9C50325E246DF32200982106 /* Info.plist */,
				9C503258246DF32200982106 /* Preview Content */,
				DD0EE4F22503DDB800505FBD /* InfoPlist.strings */,
			);
			path = TrumpetRoutines;
			sourceTree = "<group>";
		};
		9C503258246DF32200982106 /* Preview Content */ = {
			isa = PBXGroup;
			children = (
				9C503259246DF32200982106 /* Preview Assets.xcassets */,
			);
			path = "Preview Content";
			sourceTree = "<group>";
		};
		9C503266246DF32200982106 /* TrumpetRoutinesTests */ = {
			isa = PBXGroup;
			children = (
				9C503267246DF32200982106 /* TrumpetRoutinesTests.swift */,
				9C503269246DF32200982106 /* Info.plist */,
			);
			path = TrumpetRoutinesTests;
			sourceTree = "<group>";
		};
		9C503271246DF32200982106 /* TrumpetRoutinesUITests */ = {
			isa = PBXGroup;
			children = (
				9C503272246DF32200982106 /* TrumpetRoutinesUITests.swift */,
				9C503274246DF32200982106 /* Info.plist */,
			);
			path = TrumpetRoutinesUITests;
			sourceTree = "<group>";
		};
/* End PBXGroup section */

/* Begin PBXNativeTarget section */
		9C50324C246DF32000982106 /* TrumpetRoutines */ = {
			isa = PBXNativeTarget;
			buildConfigurationList = 9C503277246DF32200982106 /* Build configuration list for PBXNativeTarget "TrumpetRoutines" */;
			buildPhases = (
				9C503249246DF32000982106 /* Sources */,
				9C50324A246DF32000982106 /* Frameworks */,
				9C50324B246DF32000982106 /* Resources */,
			);
			buildRules = (
			);
			dependencies = (
			);
			name = TrumpetRoutines;
			productName = TrumpetRoutines;
			productReference = 9C50324D246DF32000982106 /* TrumpetRoutines.app */;
			productType = "com.apple.product-type.application";
		};
		9C503262246DF32200982106 /* TrumpetRoutinesTests */ = {
			isa = PBXNativeTarget;
			buildConfigurationList = 9C50327A246DF32200982106 /* Build configuration list for PBXNativeTarget "TrumpetRoutinesTests" */;
			buildPhases = (
				9C50325F246DF32200982106 /* Sources */,
				9C503260246DF32200982106 /* Frameworks */,
				9C503261246DF32200982106 /* Resources */,
			);
			buildRules = (
			);
			dependencies = (
				9C503265246DF32200982106 /* PBXTargetDependency */,
			);
			name = TrumpetRoutinesTests;
			productName = TrumpetRoutinesTests;
			productReference = 9C503263246DF32200982106 /* TrumpetRoutinesTests.xctest */;
			productType = "com.apple.product-type.bundle.unit-test";
		};
		9C50326D246DF32200982106 /* TrumpetRoutinesUITests */ = {
			isa = PBXNativeTarget;
			buildConfigurationList = 9C50327D246DF32200982106 /* Build configuration list for PBXNativeTarget "TrumpetRoutinesUITests" */;
			buildPhases = (
				9C50326A246DF32200982106 /* Sources */,
				9C50326B246DF32200982106 /* Frameworks */,
				9C50326C246DF32200982106 /* Resources */,
			);
			buildRules = (
			);
			dependencies = (
				9C503270246DF32200982106 /* PBXTargetDependency */,
			);
			name = TrumpetRoutinesUITests;
			productName = TrumpetRoutinesUITests;
			productReference = 9C50326E246DF32200982106 /* TrumpetRoutinesUITests.xctest */;
			productType = "com.apple.product-type.bundle.ui-testing";
		};
/* End PBXNativeTarget section */

/* Begin PBXProject section */
		9C503245246DF32000982106 /* Project object */ = {
			isa = PBXProject;
			attributes = {
				LastSwiftUpdateCheck = 1140;
				LastUpgradeCheck = 1140;
				ORGANIZATIONNAME = "Alex Burdiss";
				TargetAttributes = {
					9C50324C246DF32000982106 = {
						CreatedOnToolsVersion = 11.4.1;
					};
					9C503262246DF32200982106 = {
						CreatedOnToolsVersion = 11.4.1;
						TestTargetID = 9C50324C246DF32000982106;
					};
					9C50326D246DF32200982106 = {
						CreatedOnToolsVersion = 11.4.1;
						TestTargetID = 9C50324C246DF32000982106;
					};
				};
			};
			buildConfigurationList = 9C503248246DF32000982106 /* Build configuration list for PBXProject "TrumpetRoutines" */;
			compatibilityVersion = "Xcode 9.3";
			developmentRegion = en;
			hasScannedForEncodings = 0;
			knownRegions = (
				en,
				Base,
				"zh-Hans",
				"es-419",
				fr,
			);
			mainGroup = 9C503244246DF32000982106;
			productRefGroup = 9C50324E246DF32000982106 /* Products */;
			projectDirPath = "";
			projectRoot = "";
			targets = (
				9C50324C246DF32000982106 /* TrumpetRoutines */,
				9C503262246DF32200982106 /* TrumpetRoutinesTests */,
				9C50326D246DF32200982106 /* TrumpetRoutinesUITests */,
			);
		};
/* End PBXProject section */

/* Begin PBXResourcesBuildPhase section */
		9C50324B246DF32000982106 /* Resources */ = {
			isa = PBXResourcesBuildPhase;
			buildActionMask = 2147483647;
			files = (
				9C50325D246DF32200982106 /* LaunchScreen.storyboard in Resources */,
				DD88A0E12500374600978B84 /* Localizable.strings in Resources */,
				9C50325A246DF32200982106 /* Preview Assets.xcassets in Resources */,
				9C503257246DF32200982106 /* Assets.xcassets in Resources */,
				DD0EE4F02503DDB800505FBD /* InfoPlist.strings in Resources */,
			);
			runOnlyForDeploymentPostprocessing = 0;
		};
		9C503261246DF32200982106 /* Resources */ = {
			isa = PBXResourcesBuildPhase;
			buildActionMask = 2147483647;
			files = (
			);
			runOnlyForDeploymentPostprocessing = 0;
		};
		9C50326C246DF32200982106 /* Resources */ = {
			isa = PBXResourcesBuildPhase;
			buildActionMask = 2147483647;
			files = (
			);
			runOnlyForDeploymentPostprocessing = 0;
		};
/* End PBXResourcesBuildPhase section */

/* Begin PBXSourcesBuildPhase section */
		9C503249246DF32000982106 /* Sources */ = {
			isa = PBXSourcesBuildPhase;
			buildActionMask = 2147483647;
			files = (
				9C50328B246E061A00982106 /* Model.swift in Sources */,
				9C503287246E05E000982106 /* ExerciseDetailView.swift in Sources */,
				9C503289246E05FF00982106 /* SettingsView.swift in Sources */,
				9C503251246DF32000982106 /* AppDelegate.swift in Sources */,
				9C503281246E054B00982106 /* MainView.swift in Sources */,
				9C503285246E05B600982106 /* ListView.swift in Sources */,
				9C503283246E059000982106 /* RoutineView.swift in Sources */,
				9C503253246DF32000982106 /* SceneDelegate.swift in Sources */,
				9C503255246DF32000982106 /* ContentView.swift in Sources */,
			);
			runOnlyForDeploymentPostprocessing = 0;
		};
		9C50325F246DF32200982106 /* Sources */ = {
			isa = PBXSourcesBuildPhase;
			buildActionMask = 2147483647;
			files = (
				9C503268246DF32200982106 /* TrumpetRoutinesTests.swift in Sources */,
			);
			runOnlyForDeploymentPostprocessing = 0;
		};
		9C50326A246DF32200982106 /* Sources */ = {
			isa = PBXSourcesBuildPhase;
			buildActionMask = 2147483647;
			files = (
				9C503273246DF32200982106 /* TrumpetRoutinesUITests.swift in Sources */,
			);
			runOnlyForDeploymentPostprocessing = 0;
		};
/* End PBXSourcesBuildPhase section */

/* Begin PBXTargetDependency section */
		9C503265246DF32200982106 /* PBXTargetDependency */ = {
			isa = PBXTargetDependency;
			target = 9C50324C246DF32000982106 /* TrumpetRoutines */;
			targetProxy = 9C503264246DF32200982106 /* PBXContainerItemProxy */;
		};
		9C503270246DF32200982106 /* PBXTargetDependency */ = {
			isa = PBXTargetDependency;
			target = 9C50324C246DF32000982106 /* TrumpetRoutines */;
			targetProxy = 9C50326F246DF32200982106 /* PBXContainerItemProxy */;
		};
/* End PBXTargetDependency section */

/* Begin PBXVariantGroup section */
		9C50325B246DF32200982106 /* LaunchScreen.storyboard */ = {
			isa = PBXVariantGroup;
			children = (
				9C50325C246DF32200982106 /* Base */,
			);
			name = LaunchScreen.storyboard;
			sourceTree = "<group>";
		};
		DD0EE4F22503DDB800505FBD /* InfoPlist.strings */ = {
			isa = PBXVariantGroup;
			children = (
				DD0EE4F12503DDB800505FBD /* en */,
				DD0EE4F32503DDB900505FBD /* zh-Hans */,
				DD0EE4F42503DDBA00505FBD /* fr */,
				DD0EE4F52503DDBB00505FBD /* es-419 */,
			);
			name = InfoPlist.strings;
			sourceTree = "<group>";
		};
		DD88A0E32500374600978B84 /* Localizable.strings */ = {
			isa = PBXVariantGroup;
			children = (
				DD88A0E22500374600978B84 /* en */,
				DD88A0E42500375400978B84 /* zh-Hans */,
				DD88A0E52500375B00978B84 /* es-419 */,
				DD88A0E62500376400978B84 /* fr */,
			);
			name = Localizable.strings;
			sourceTree = "<group>";
		};
/* End PBXVariantGroup section */

/* Begin XCBuildConfiguration section */
		9C503275246DF32200982106 /* Debug */ = {
			isa = XCBuildConfiguration;
			buildSettings = {
				ALWAYS_SEARCH_USER_PATHS = NO;
				CLANG_ANALYZER_LOCALIZABILITY_NONLOCALIZED = YES;
				CLANG_ANALYZER_NONNULL = YES;
				CLANG_ANALYZER_NUMBER_OBJECT_CONVERSION = YES_AGGRESSIVE;
				CLANG_CXX_LANGUAGE_STANDARD = "gnu++14";
				CLANG_CXX_LIBRARY = "libc++";
				CLANG_ENABLE_MODULES = YES;
				CLANG_ENABLE_OBJC_ARC = YES;
				CLANG_ENABLE_OBJC_WEAK = YES;
				CLANG_WARN_BLOCK_CAPTURE_AUTORELEASING = YES;
				CLANG_WARN_BOOL_CONVERSION = YES;
				CLANG_WARN_COMMA = YES;
				CLANG_WARN_CONSTANT_CONVERSION = YES;
				CLANG_WARN_DEPRECATED_OBJC_IMPLEMENTATIONS = YES;
				CLANG_WARN_DIRECT_OBJC_ISA_USAGE = YES_ERROR;
				CLANG_WARN_DOCUMENTATION_COMMENTS = YES;
				CLANG_WARN_EMPTY_BODY = YES;
				CLANG_WARN_ENUM_CONVERSION = YES;
				CLANG_WARN_INFINITE_RECURSION = YES;
				CLANG_WARN_INT_CONVERSION = YES;
				CLANG_WARN_NON_LITERAL_NULL_CONVERSION = YES;
				CLANG_WARN_OBJC_IMPLICIT_RETAIN_SELF = YES;
				CLANG_WARN_OBJC_LITERAL_CONVERSION = YES;
				CLANG_WARN_OBJC_ROOT_CLASS = YES_ERROR;
				CLANG_WARN_RANGE_LOOP_ANALYSIS = YES;
				CLANG_WARN_STRICT_PROTOTYPES = YES;
				CLANG_WARN_SUSPICIOUS_MOVE = YES;
				CLANG_WARN_UNGUARDED_AVAILABILITY = YES_AGGRESSIVE;
				CLANG_WARN_UNREACHABLE_CODE = YES;
				CLANG_WARN__DUPLICATE_METHOD_MATCH = YES;
				COPY_PHASE_STRIP = NO;
				DEBUG_INFORMATION_FORMAT = dwarf;
				ENABLE_STRICT_OBJC_MSGSEND = YES;
				ENABLE_TESTABILITY = YES;
				GCC_C_LANGUAGE_STANDARD = gnu11;
				GCC_DYNAMIC_NO_PIC = NO;
				GCC_NO_COMMON_BLOCKS = YES;
				GCC_OPTIMIZATION_LEVEL = 0;
				GCC_PREPROCESSOR_DEFINITIONS = (
					"DEBUG=1",
					"$(inherited)",
				);
				GCC_WARN_64_TO_32_BIT_CONVERSION = YES;
				GCC_WARN_ABOUT_RETURN_TYPE = YES_ERROR;
				GCC_WARN_UNDECLARED_SELECTOR = YES;
				GCC_WARN_UNINITIALIZED_AUTOS = YES_AGGRESSIVE;
				GCC_WARN_UNUSED_FUNCTION = YES;
				GCC_WARN_UNUSED_VARIABLE = YES;
				IPHONEOS_DEPLOYMENT_TARGET = 13.4;
				MTL_ENABLE_DEBUG_INFO = INCLUDE_SOURCE;
				MTL_FAST_MATH = YES;
				ONLY_ACTIVE_ARCH = YES;
				SDKROOT = iphoneos;
				SWIFT_ACTIVE_COMPILATION_CONDITIONS = DEBUG;
				SWIFT_OPTIMIZATION_LEVEL = "-Onone";
			};
			name = Debug;
		};
		9C503276246DF32200982106 /* Release */ = {
			isa = XCBuildConfiguration;
			buildSettings = {
				ALWAYS_SEARCH_USER_PATHS = NO;
				CLANG_ANALYZER_LOCALIZABILITY_NONLOCALIZED = YES;
				CLANG_ANALYZER_NONNULL = YES;
				CLANG_ANALYZER_NUMBER_OBJECT_CONVERSION = YES_AGGRESSIVE;
				CLANG_CXX_LANGUAGE_STANDARD = "gnu++14";
				CLANG_CXX_LIBRARY = "libc++";
				CLANG_ENABLE_MODULES = YES;
				CLANG_ENABLE_OBJC_ARC = YES;
				CLANG_ENABLE_OBJC_WEAK = YES;
				CLANG_WARN_BLOCK_CAPTURE_AUTORELEASING = YES;
				CLANG_WARN_BOOL_CONVERSION = YES;
				CLANG_WARN_COMMA = YES;
				CLANG_WARN_CONSTANT_CONVERSION = YES;
				CLANG_WARN_DEPRECATED_OBJC_IMPLEMENTATIONS = YES;
				CLANG_WARN_DIRECT_OBJC_ISA_USAGE = YES_ERROR;
				CLANG_WARN_DOCUMENTATION_COMMENTS = YES;
				CLANG_WARN_EMPTY_BODY = YES;
				CLANG_WARN_ENUM_CONVERSION = YES;
				CLANG_WARN_INFINITE_RECURSION = YES;
				CLANG_WARN_INT_CONVERSION = YES;
				CLANG_WARN_NON_LITERAL_NULL_CONVERSION = YES;
				CLANG_WARN_OBJC_IMPLICIT_RETAIN_SELF = YES;
				CLANG_WARN_OBJC_LITERAL_CONVERSION = YES;
				CLANG_WARN_OBJC_ROOT_CLASS = YES_ERROR;
				CLANG_WARN_RANGE_LOOP_ANALYSIS = YES;
				CLANG_WARN_STRICT_PROTOTYPES = YES;
				CLANG_WARN_SUSPICIOUS_MOVE = YES;
				CLANG_WARN_UNGUARDED_AVAILABILITY = YES_AGGRESSIVE;
				CLANG_WARN_UNREACHABLE_CODE = YES;
				CLANG_WARN__DUPLICATE_METHOD_MATCH = YES;
				COPY_PHASE_STRIP = NO;
				DEBUG_INFORMATION_FORMAT = "dwarf-with-dsym";
				ENABLE_NS_ASSERTIONS = NO;
				ENABLE_STRICT_OBJC_MSGSEND = YES;
				GCC_C_LANGUAGE_STANDARD = gnu11;
				GCC_NO_COMMON_BLOCKS = YES;
				GCC_WARN_64_TO_32_BIT_CONVERSION = YES;
				GCC_WARN_ABOUT_RETURN_TYPE = YES_ERROR;
				GCC_WARN_UNDECLARED_SELECTOR = YES;
				GCC_WARN_UNINITIALIZED_AUTOS = YES_AGGRESSIVE;
				GCC_WARN_UNUSED_FUNCTION = YES;
				GCC_WARN_UNUSED_VARIABLE = YES;
				IPHONEOS_DEPLOYMENT_TARGET = 13.4;
				MTL_ENABLE_DEBUG_INFO = NO;
				MTL_FAST_MATH = YES;
				SDKROOT = iphoneos;
				SWIFT_COMPILATION_MODE = wholemodule;
				SWIFT_OPTIMIZATION_LEVEL = "-O";
				VALIDATE_PRODUCT = YES;
			};
			name = Release;
		};
		9C503278246DF32200982106 /* Debug */ = {
			isa = XCBuildConfiguration;
			buildSettings = {
				ASSETCATALOG_COMPILER_APPICON_NAME = AppIcon;
				CODE_SIGN_STYLE = Automatic;
				CURRENT_PROJECT_VERSION = 1.2.1;
				DEVELOPMENT_ASSET_PATHS = "\"TrumpetRoutines/Preview Content\"";
				DEVELOPMENT_TEAM = L4SN53B3F6;
				ENABLE_PREVIEWS = YES;
				INFOPLIST_FILE = TrumpetRoutines/Info.plist;
				LD_RUNPATH_SEARCH_PATHS = (
					"$(inherited)",
					"@executable_path/Frameworks",
				);
				MARKETING_VERSION = 1.2.1;
				PRODUCT_BUNDLE_IDENTIFIER = com.AlexanderBurdiss.TrumpetRoutines;
				PRODUCT_NAME = "$(TARGET_NAME)";
				SWIFT_VERSION = 5.0;
				TARGETED_DEVICE_FAMILY = "1,2";
			};
			name = Debug;
		};
		9C503279246DF32200982106 /* Release */ = {
			isa = XCBuildConfiguration;
			buildSettings = {
				ASSETCATALOG_COMPILER_APPICON_NAME = AppIcon;
				CODE_SIGN_STYLE = Automatic;
				CURRENT_PROJECT_VERSION = 1.2.1;
				DEVELOPMENT_ASSET_PATHS = "\"TrumpetRoutines/Preview Content\"";
				DEVELOPMENT_TEAM = L4SN53B3F6;
				ENABLE_PREVIEWS = YES;
				INFOPLIST_FILE = TrumpetRoutines/Info.plist;
				LD_RUNPATH_SEARCH_PATHS = (
					"$(inherited)",
					"@executable_path/Frameworks",
				);
				MARKETING_VERSION = 1.2.1;
				PRODUCT_BUNDLE_IDENTIFIER = com.AlexanderBurdiss.TrumpetRoutines;
				PRODUCT_NAME = "$(TARGET_NAME)";
				SWIFT_VERSION = 5.0;
				TARGETED_DEVICE_FAMILY = "1,2";
			};
			name = Release;
		};
		9C50327B246DF32200982106 /* Debug */ = {
			isa = XCBuildConfiguration;
			buildSettings = {
				ALWAYS_EMBED_SWIFT_STANDARD_LIBRARIES = YES;
				BUNDLE_LOADER = "$(TEST_HOST)";
				CODE_SIGN_STYLE = Automatic;
				DEVELOPMENT_TEAM = L4SN53B3F6;
				INFOPLIST_FILE = TrumpetRoutinesTests/Info.plist;
				IPHONEOS_DEPLOYMENT_TARGET = 13.4;
				LD_RUNPATH_SEARCH_PATHS = (
					"$(inherited)",
					"@executable_path/Frameworks",
					"@loader_path/Frameworks",
				);
				PRODUCT_BUNDLE_IDENTIFIER = com.AlexanderBurdiss.TrumpetRoutinesTests;
				PRODUCT_NAME = "$(TARGET_NAME)";
				SWIFT_VERSION = 5.0;
				TARGETED_DEVICE_FAMILY = "1,2";
				TEST_HOST = "$(BUILT_PRODUCTS_DIR)/TrumpetRoutines.app/TrumpetRoutines";
			};
			name = Debug;
		};
		9C50327C246DF32200982106 /* Release */ = {
			isa = XCBuildConfiguration;
			buildSettings = {
				ALWAYS_EMBED_SWIFT_STANDARD_LIBRARIES = YES;
				BUNDLE_LOADER = "$(TEST_HOST)";
				CODE_SIGN_STYLE = Automatic;
				DEVELOPMENT_TEAM = L4SN53B3F6;
				INFOPLIST_FILE = TrumpetRoutinesTests/Info.plist;
				IPHONEOS_DEPLOYMENT_TARGET = 13.4;
				LD_RUNPATH_SEARCH_PATHS = (
					"$(inherited)",
					"@executable_path/Frameworks",
					"@loader_path/Frameworks",
				);
				PRODUCT_BUNDLE_IDENTIFIER = com.AlexanderBurdiss.TrumpetRoutinesTests;
				PRODUCT_NAME = "$(TARGET_NAME)";
				SWIFT_VERSION = 5.0;
				TARGETED_DEVICE_FAMILY = "1,2";
				TEST_HOST = "$(BUILT_PRODUCTS_DIR)/TrumpetRoutines.app/TrumpetRoutines";
			};
			name = Release;
		};
		9C50327E246DF32200982106 /* Debug */ = {
			isa = XCBuildConfiguration;
			buildSettings = {
				ALWAYS_EMBED_SWIFT_STANDARD_LIBRARIES = YES;
				CODE_SIGN_STYLE = Automatic;
				DEVELOPMENT_TEAM = L4SN53B3F6;
				INFOPLIST_FILE = TrumpetRoutinesUITests/Info.plist;
				LD_RUNPATH_SEARCH_PATHS = (
					"$(inherited)",
					"@executable_path/Frameworks",
					"@loader_path/Frameworks",
				);
				PRODUCT_BUNDLE_IDENTIFIER = com.AlexanderBurdiss.TrumpetRoutinesUITests;
				PRODUCT_NAME = "$(TARGET_NAME)";
				SWIFT_VERSION = 5.0;
				TARGETED_DEVICE_FAMILY = "1,2";
				TEST_TARGET_NAME = TrumpetRoutines;
			};
			name = Debug;
		};
		9C50327F246DF32200982106 /* Release */ = {
			isa = XCBuildConfiguration;
			buildSettings = {
				ALWAYS_EMBED_SWIFT_STANDARD_LIBRARIES = YES;
				CODE_SIGN_STYLE = Automatic;
				DEVELOPMENT_TEAM = L4SN53B3F6;
				INFOPLIST_FILE = TrumpetRoutinesUITests/Info.plist;
				LD_RUNPATH_SEARCH_PATHS = (
					"$(inherited)",
					"@executable_path/Frameworks",
					"@loader_path/Frameworks",
				);
				PRODUCT_BUNDLE_IDENTIFIER = com.AlexanderBurdiss.TrumpetRoutinesUITests;
				PRODUCT_NAME = "$(TARGET_NAME)";
				SWIFT_VERSION = 5.0;
				TARGETED_DEVICE_FAMILY = "1,2";
				TEST_TARGET_NAME = TrumpetRoutines;
			};
			name = Release;
		};
/* End XCBuildConfiguration section */

/* Begin XCConfigurationList section */
		9C503248246DF32000982106 /* Build configuration list for PBXProject "TrumpetRoutines" */ = {
			isa = XCConfigurationList;
			buildConfigurations = (
				9C503275246DF32200982106 /* Debug */,
				9C503276246DF32200982106 /* Release */,
			);
			defaultConfigurationIsVisible = 0;
			defaultConfigurationName = Release;
		};
		9C503277246DF32200982106 /* Build configuration list for PBXNativeTarget "TrumpetRoutines" */ = {
			isa = XCConfigurationList;
			buildConfigurations = (
				9C503278246DF32200982106 /* Debug */,
				9C503279246DF32200982106 /* Release */,
			);
			defaultConfigurationIsVisible = 0;
			defaultConfigurationName = Release;
		};
		9C50327A246DF32200982106 /* Build configuration list for PBXNativeTarget "TrumpetRoutinesTests" */ = {
			isa = XCConfigurationList;
			buildConfigurations = (
				9C50327B246DF32200982106 /* Debug */,
				9C50327C246DF32200982106 /* Release */,
			);
			defaultConfigurationIsVisible = 0;
			defaultConfigurationName = Release;
		};
		9C50327D246DF32200982106 /* Build configuration list for PBXNativeTarget "TrumpetRoutinesUITests" */ = {
			isa = XCConfigurationList;
			buildConfigurations = (
				9C50327E246DF32200982106 /* Debug */,
				9C50327F246DF32200982106 /* Release */,
			);
			defaultConfigurationIsVisible = 0;
			defaultConfigurationName = Release;
		};
/* End XCConfigurationList section */
	};
	rootObject = 9C503245246DF32000982106 /* Project object */;
}
